// !$*UTF8*$!
{
	archiveVersion = 1;
	classes = {
	};
	objectVersion = 48;
	objects = {

/* Begin PBXBuildFile section */
		DE6F338D1FB29EE300FA2866 /* AppDelegate.swift in Sources */ = {isa = PBXBuildFile; fileRef = DE6F338C1FB29EE300FA2866 /* AppDelegate.swift */; };
		DE6F338F1FB29EE300FA2866 /* ViewController.swift in Sources */ = {isa = PBXBuildFile; fileRef = DE6F338E1FB29EE300FA2866 /* ViewController.swift */; };
		DE6F33921FB29EE300FA2866 /* Main.storyboard in Resources */ = {isa = PBXBuildFile; fileRef = DE6F33901FB29EE300FA2866 /* Main.storyboard */; };
		DE6F33941FB29EE300FA2866 /* Assets.xcassets in Resources */ = {isa = PBXBuildFile; fileRef = DE6F33931FB29EE300FA2866 /* Assets.xcassets */; };
		DE6F33971FB29EE300FA2866 /* LaunchScreen.storyboard in Resources */ = {isa = PBXBuildFile; fileRef = DE6F33951FB29EE300FA2866 /* LaunchScreen.storyboard */; };
		DE6F33A21FB29EE300FA2866 /* GuessNumberNetTests.swift in Sources */ = {isa = PBXBuildFile; fileRef = DE6F33A11FB29EE300FA2866 /* GuessNumberNetTests.swift */; };
		DE6F33AD1FB29EE300FA2866 /* GuessNumberNetUITests.swift in Sources */ = {isa = PBXBuildFile; fileRef = DE6F33AC1FB29EE300FA2866 /* GuessNumberNetUITests.swift */; };
/* End PBXBuildFile section */

/* Begin PBXContainerItemProxy section */
		DE6F339E1FB29EE300FA2866 /* PBXContainerItemProxy */ = {
			isa = PBXContainerItemProxy;
			containerPortal = DE6F33811FB29EE300FA2866 /* Project object */;
			proxyType = 1;
			remoteGlobalIDString = DE6F33881FB29EE300FA2866;
			remoteInfo = GuessNumberNet;
		};
		DE6F33A91FB29EE300FA2866 /* PBXContainerItemProxy */ = {
			isa = PBXContainerItemProxy;
			containerPortal = DE6F33811FB29EE300FA2866 /* Project object */;
			proxyType = 1;
			remoteGlobalIDString = DE6F33881FB29EE300FA2866;
			remoteInfo = GuessNumberNet;
		};
/* End PBXContainerItemProxy section */

/* Begin PBXFileReference section */
		DE6F33891FB29EE300FA2866 /* GuessNumberNet.app */ = {isa = PBXFileReference; explicitFileType = wrapper.application; includeInIndex = 0; path = GuessNumberNet.app; sourceTree = BUILT_PRODUCTS_DIR; };
		DE6F338C1FB29EE300FA2866 /* AppDelegate.swift */ = {isa = PBXFileReference; lastKnownFileType = sourcecode.swift; path = AppDelegate.swift; sourceTree = "<group>"; };
		DE6F338E1FB29EE300FA2866 /* ViewController.swift */ = {isa = PBXFileReference; lastKnownFileType = sourcecode.swift; path = ViewController.swift; sourceTree = "<group>"; };
		DE6F33911FB29EE300FA2866 /* Base */ = {isa = PBXFileReference; lastKnownFileType = file.storyboard; name = Base; path = Base.lproj/Main.storyboard; sourceTree = "<group>"; };
		DE6F33931FB29EE300FA2866 /* Assets.xcassets */ = {isa = PBXFileReference; lastKnownFileType = folder.assetcatalog; path = Assets.xcassets; sourceTree = "<group>"; };
		DE6F33961FB29EE300FA2866 /* Base */ = {isa = PBXFileReference; lastKnownFileType = file.storyboard; name = Base; path = Base.lproj/LaunchScreen.storyboard; sourceTree = "<group>"; };
		DE6F33981FB29EE300FA2866 /* Info.plist */ = {isa = PBXFileReference; lastKnownFileType = text.plist.xml; path = Info.plist; sourceTree = "<group>"; };
		DE6F339D1FB29EE300FA2866 /* GuessNumberNetTests.xctest */ = {isa = PBXFileReference; explicitFileType = wrapper.cfbundle; includeInIndex = 0; path = GuessNumberNetTests.xctest; sourceTree = BUILT_PRODUCTS_DIR; };
		DE6F33A11FB29EE300FA2866 /* GuessNumberNetTests.swift */ = {isa = PBXFileReference; lastKnownFileType = sourcecode.swift; path = GuessNumberNetTests.swift; sourceTree = "<group>"; };
		DE6F33A31FB29EE300FA2866 /* Info.plist */ = {isa = PBXFileReference; lastKnownFileType = text.plist.xml; path = Info.plist; sourceTree = "<group>"; };
		DE6F33A81FB29EE300FA2866 /* GuessNumberNetUITests.xctest */ = {isa = PBXFileReference; explicitFileType = wrapper.cfbundle; includeInIndex = 0; path = GuessNumberNetUITests.xctest; sourceTree = BUILT_PRODUCTS_DIR; };
		DE6F33AC1FB29EE300FA2866 /* GuessNumberNetUITests.swift */ = {isa = PBXFileReference; lastKnownFileType = sourcecode.swift; path = GuessNumberNetUITests.swift; sourceTree = "<group>"; };
		DE6F33AE1FB29EE300FA2866 /* Info.plist */ = {isa = PBXFileReference; lastKnownFileType = text.plist.xml; path = Info.plist; sourceTree = "<group>"; };
/* End PBXFileReference section */

/* Begin PBXFrameworksBuildPhase section */
		DE6F33861FB29EE300FA2866 /* Frameworks */ = {
			isa = PBXFrameworksBuildPhase;
			buildActionMask = 2147483647;
			files = (
			);
			runOnlyForDeploymentPostprocessing = 0;
		};
		DE6F339A1FB29EE300FA2866 /* Frameworks */ = {
			isa = PBXFrameworksBuildPhase;
			buildActionMask = 2147483647;
			files = (
			);
			runOnlyForDeploymentPostprocessing = 0;
		};
		DE6F33A51FB29EE300FA2866 /* Frameworks */ = {
			isa = PBXFrameworksBuildPhase;
			buildActionMask = 2147483647;
			files = (
			);
			runOnlyForDeploymentPostprocessing = 0;
		};
/* End PBXFrameworksBuildPhase section */

/* Begin PBXGroup section */
		DE6F33801FB29EE300FA2866 = {
			isa = PBXGroup;
			children = (
				DE6F338B1FB29EE300FA2866 /* GuessNumberNet */,
				DE6F33A01FB29EE300FA2866 /* GuessNumberNetTests */,
				DE6F33AB1FB29EE300FA2866 /* GuessNumberNetUITests */,
				DE6F338A1FB29EE300FA2866 /* Products */,
			);
			sourceTree = "<group>";
		};
		DE6F338A1FB29EE300FA2866 /* Products */ = {
			isa = PBXGroup;
			children = (
				DE6F33891FB29EE300FA2866 /* GuessNumberNet.app */,
				DE6F339D1FB29EE300FA2866 /* GuessNumberNetTests.xctest */,
				DE6F33A81FB29EE300FA2866 /* GuessNumberNetUITests.xctest */,
			);
			name = Products;
			sourceTree = "<group>";
		};
		DE6F338B1FB29EE300FA2866 /* GuessNumberNet */ = {
			isa = PBXGroup;
			children = (
				DE6F338C1FB29EE300FA2866 /* AppDelegate.swift */,
				DE6F338E1FB29EE300FA2866 /* ViewController.swift */,
				DE6F33901FB29EE300FA2866 /* Main.storyboard */,
				DE6F33931FB29EE300FA2866 /* Assets.xcassets */,
				DE6F33951FB29EE300FA2866 /* LaunchScreen.storyboard */,
				DE6F33981FB29EE300FA2866 /* Info.plist */,
			);
			path = GuessNumberNet;
			sourceTree = "<group>";
		};
		DE6F33A01FB29EE300FA2866 /* GuessNumberNetTests */ = {
			isa = PBXGroup;
			children = (
				DE6F33A11FB29EE300FA2866 /* GuessNumberNetTests.swift */,
				DE6F33A31FB29EE300FA2866 /* Info.plist */,
			);
			path = GuessNumberNetTests;
			sourceTree = "<group>";
		};
		DE6F33AB1FB29EE300FA2866 /* GuessNumberNetUITests */ = {
			isa = PBXGroup;
			children = (
				DE6F33AC1FB29EE300FA2866 /* GuessNumberNetUITests.swift */,
				DE6F33AE1FB29EE300FA2866 /* Info.plist */,
			);
			path = GuessNumberNetUITests;
			sourceTree = "<group>";
		};
/* End PBXGroup section */

/* Begin PBXNativeTarget section */
		DE6F33881FB29EE300FA2866 /* GuessNumberNet */ = {
			isa = PBXNativeTarget;
			buildConfigurationList = DE6F33B11FB29EE300FA2866 /* Build configuration list for PBXNativeTarget "GuessNumberNet" */;
			buildPhases = (
				DE6F33851FB29EE300FA2866 /* Sources */,
				DE6F33861FB29EE300FA2866 /* Frameworks */,
				DE6F33871FB29EE300FA2866 /* Resources */,
			);
			buildRules = (
			);
			dependencies = (
			);
			name = GuessNumberNet;
			productName = GuessNumberNet;
			productReference = DE6F33891FB29EE300FA2866 /* GuessNumberNet.app */;
			productType = "com.apple.product-type.application";
		};
		DE6F339C1FB29EE300FA2866 /* GuessNumberNetTests */ = {
			isa = PBXNativeTarget;
			buildConfigurationList = DE6F33B41FB29EE300FA2866 /* Build configuration list for PBXNativeTarget "GuessNumberNetTests" */;
			buildPhases = (
				DE6F33991FB29EE300FA2866 /* Sources */,
				DE6F339A1FB29EE300FA2866 /* Frameworks */,
				DE6F339B1FB29EE300FA2866 /* Resources */,
			);
			buildRules = (
			);
			dependencies = (
				DE6F339F1FB29EE300FA2866 /* PBXTargetDependency */,
			);
			name = GuessNumberNetTests;
			productName = GuessNumberNetTests;
			productReference = DE6F339D1FB29EE300FA2866 /* GuessNumberNetTests.xctest */;
			productType = "com.apple.product-type.bundle.unit-test";
		};
		DE6F33A71FB29EE300FA2866 /* GuessNumberNetUITests */ = {
			isa = PBXNativeTarget;
			buildConfigurationList = DE6F33B71FB29EE300FA2866 /* Build configuration list for PBXNativeTarget "GuessNumberNetUITests" */;
			buildPhases = (
				DE6F33A41FB29EE300FA2866 /* Sources */,
				DE6F33A51FB29EE300FA2866 /* Frameworks */,
				DE6F33A61FB29EE300FA2866 /* Resources */,
			);
			buildRules = (
			);
			dependencies = (
				DE6F33AA1FB29EE300FA2866 /* PBXTargetDependency */,
			);
			name = GuessNumberNetUITests;
			productName = GuessNumberNetUITests;
			productReference = DE6F33A81FB29EE300FA2866 /* GuessNumberNetUITests.xctest */;
			productType = "com.apple.product-type.bundle.ui-testing";
		};
/* End PBXNativeTarget section */

/* Begin PBXProject section */
		DE6F33811FB29EE300FA2866 /* Project object */ = {
			isa = PBXProject;
			attributes = {
				LastSwiftUpdateCheck = 0910;
				LastUpgradeCheck = 0910;
				ORGANIZATIONNAME = "SHENG CHUN LIN";
				TargetAttributes = {
					DE6F33881FB29EE300FA2866 = {
						CreatedOnToolsVersion = 9.1;
						ProvisioningStyle = Automatic;
					};
					DE6F339C1FB29EE300FA2866 = {
						CreatedOnToolsVersion = 9.1;
						ProvisioningStyle = Automatic;
						TestTargetID = DE6F33881FB29EE300FA2866;
					};
					DE6F33A71FB29EE300FA2866 = {
						CreatedOnToolsVersion = 9.1;
						ProvisioningStyle = Automatic;
						TestTargetID = DE6F33881FB29EE300FA2866;
					};
				};
			};
			buildConfigurationList = DE6F33841FB29EE300FA2866 /* Build configuration list for PBXProject "GuessNumberNet" */;
			compatibilityVersion = "Xcode 8.0";
			developmentRegion = en;
			hasScannedForEncodings = 0;
			knownRegions = (
				en,
				Base,
			);
			mainGroup = DE6F33801FB29EE300FA2866;
			productRefGroup = DE6F338A1FB29EE300FA2866 /* Products */;
			projectDirPath = "";
			projectRoot = "";
			targets = (
				DE6F33881FB29EE300FA2866 /* GuessNumberNet */,
				DE6F339C1FB29EE300FA2866 /* GuessNumberNetTests */,
				DE6F33A71FB29EE300FA2866 /* GuessNumberNetUITests */,
			);
		};
/* End PBXProject section */

/* Begin PBXResourcesBuildPhase section */
		DE6F33871FB29EE300FA2866 /* Resources */ = {
			isa = PBXResourcesBuildPhase;
			buildActionMask = 2147483647;
			files = (
				DE6F33971FB29EE300FA2866 /* LaunchScreen.storyboard in Resources */,
				DE6F33941FB29EE300FA2866 /* Assets.xcassets in Resources */,
				DE6F33921FB29EE300FA2866 /* Main.storyboard in Resources */,
			);
			runOnlyForDeploymentPostprocessing = 0;
		};
		DE6F339B1FB29EE300FA2866 /* Resources */ = {
			isa = PBXResourcesBuildPhase;
			buildActionMask = 2147483647;
			files = (
			);
			runOnlyForDeploymentPostprocessing = 0;
		};
		DE6F33A61FB29EE300FA2866 /* Resources */ = {
			isa = PBXResourcesBuildPhase;
			buildActionMask = 2147483647;
			files = (
			);
			runOnlyForDeploymentPostprocessing = 0;
		};
/* End PBXResourcesBuildPhase section */

/* Begin PBXSourcesBuildPhase section */
		DE6F33851FB29EE300FA2866 /* Sources */ = {
			isa = PBXSourcesBuildPhase;
			buildActionMask = 2147483647;
			files = (
				DE6F338F1FB29EE300FA2866 /* ViewController.swift in Sources */,
				DE6F338D1FB29EE300FA2866 /* AppDelegate.swift in Sources */,
			);
			runOnlyForDeploymentPostprocessing = 0;
		};
		DE6F33991FB29EE300FA2866 /* Sources */ = {
			isa = PBXSourcesBuildPhase;
			buildActionMask = 2147483647;
			files = (
				DE6F33A21FB29EE300FA2866 /* GuessNumberNetTests.swift in Sources */,
			);
			runOnlyForDeploymentPostprocessing = 0;
		};
		DE6F33A41FB29EE300FA2866 /* Sources */ = {
			isa = PBXSourcesBuildPhase;
			buildActionMask = 2147483647;
			files = (
				DE6F33AD1FB29EE300FA2866 /* GuessNumberNetUITests.swift in Sources */,
			);
			runOnlyForDeploymentPostprocessing = 0;
		};
/* End PBXSourcesBuildPhase section */

/* Begin PBXTargetDependency section */
		DE6F339F1FB29EE300FA2866 /* PBXTargetDependency */ = {
			isa = PBXTargetDependency;
			target = DE6F33881FB29EE300FA2866 /* GuessNumberNet */;
			targetProxy = DE6F339E1FB29EE300FA2866 /* PBXContainerItemProxy */;
		};
		DE6F33AA1FB29EE300FA2866 /* PBXTargetDependency */ = {
			isa = PBXTargetDependency;
			target = DE6F33881FB29EE300FA2866 /* GuessNumberNet */;
			targetProxy = DE6F33A91FB29EE300FA2866 /* PBXContainerItemProxy */;
		};
/* End PBXTargetDependency section */

/* Begin PBXVariantGroup section */
		DE6F33901FB29EE300FA2866 /* Main.storyboard */ = {
			isa = PBXVariantGroup;
			children = (
				DE6F33911FB29EE300FA2866 /* Base */,
			);
			name = Main.storyboard;
			sourceTree = "<group>";
		};
		DE6F33951FB29EE300FA2866 /* LaunchScreen.storyboard */ = {
			isa = PBXVariantGroup;
			children = (
				DE6F33961FB29EE300FA2866 /* Base */,
			);
			name = LaunchScreen.storyboard;
			sourceTree = "<group>";
		};
/* End PBXVariantGroup section */

/* Begin XCBuildConfiguration section */
		DE6F33AF1FB29EE300FA2866 /* Debug */ = {
			isa = XCBuildConfiguration;
			buildSettings = {
				ALWAYS_SEARCH_USER_PATHS = NO;
				CLANG_ANALYZER_NONNULL = YES;
				CLANG_ANALYZER_NUMBER_OBJECT_CONVERSION = YES_AGGRESSIVE;
				CLANG_CXX_LANGUAGE_STANDARD = "gnu++14";
				CLANG_CXX_LIBRARY = "libc++";
				CLANG_ENABLE_MODULES = YES;
				CLANG_ENABLE_OBJC_ARC = YES;
				CLANG_WARN_BLOCK_CAPTURE_AUTORELEASING = YES;
				CLANG_WARN_BOOL_CONVERSION = YES;
				CLANG_WARN_COMMA = YES;
				CLANG_WARN_CONSTANT_CONVERSION = YES;
				CLANG_WARN_DIRECT_OBJC_ISA_USAGE = YES_ERROR;
				CLANG_WARN_DOCUMENTATION_COMMENTS = YES;
				CLANG_WARN_EMPTY_BODY = YES;
				CLANG_WARN_ENUM_CONVERSION = YES;
				CLANG_WARN_INFINITE_RECURSION = YES;
				CLANG_WARN_INT_CONVERSION = YES;
				CLANG_WARN_NON_LITERAL_NULL_CONVERSION = YES;
				CLANG_WARN_OBJC_LITERAL_CONVERSION = YES;
				CLANG_WARN_OBJC_ROOT_CLASS = YES_ERROR;
				CLANG_WARN_RANGE_LOOP_ANALYSIS = YES;
				CLANG_WARN_STRICT_PROTOTYPES = YES;
				CLANG_WARN_SUSPICIOUS_MOVE = YES;
				CLANG_WARN_UNGUARDED_AVAILABILITY = YES_AGGRESSIVE;
				CLANG_WARN_UNREACHABLE_CODE = YES;
				CLANG_WARN__DUPLICATE_METHOD_MATCH = YES;
				CODE_SIGN_IDENTITY = "iPhone Developer";
				COPY_PHASE_STRIP = NO;
				DEBUG_INFORMATION_FORMAT = dwarf;
				ENABLE_STRICT_OBJC_MSGSEND = YES;
				ENABLE_TESTABILITY = YES;
				GCC_C_LANGUAGE_STANDARD = gnu11;
				GCC_DYNAMIC_NO_PIC = NO;
				GCC_NO_COMMON_BLOCKS = YES;
				GCC_OPTIMIZATION_LEVEL = 0;
				GCC_PREPROCESSOR_DEFINITIONS = (
					"DEBUG=1",
					"$(inherited)",
				);
				GCC_WARN_64_TO_32_BIT_CONVERSION = YES;
				GCC_WARN_ABOUT_RETURN_TYPE = YES_ERROR;
				GCC_WARN_UNDECLARED_SELECTOR = YES;
				GCC_WARN_UNINITIALIZED_AUTOS = YES_AGGRESSIVE;
				GCC_WARN_UNUSED_FUNCTION = YES;
				GCC_WARN_UNUSED_VARIABLE = YES;
				IPHONEOS_DEPLOYMENT_TARGET = 11.1;
				MTL_ENABLE_DEBUG_INFO = YES;
				ONLY_ACTIVE_ARCH = YES;
				SDKROOT = iphoneos;
				SWIFT_ACTIVE_COMPILATION_CONDITIONS = DEBUG;
				SWIFT_OPTIMIZATION_LEVEL = "-Onone";
			};
			name = Debug;
		};
		DE6F33B01FB29EE300FA2866 /* Release */ = {
			isa = XCBuildConfiguration;
			buildSettings = {
				ALWAYS_SEARCH_USER_PATHS = NO;
				CLANG_ANALYZER_NONNULL = YES;
				CLANG_ANALYZER_NUMBER_OBJECT_CONVERSION = YES_AGGRESSIVE;
				CLANG_CXX_LANGUAGE_STANDARD = "gnu++14";
				CLANG_CXX_LIBRARY = "libc++";
				CLANG_ENABLE_MODULES = YES;
				CLANG_ENABLE_OBJC_ARC = YES;
				CLANG_WARN_BLOCK_CAPTURE_AUTORELEASING = YES;
				CLANG_WARN_BOOL_CONVERSION = YES;
				CLANG_WARN_COMMA = YES;
				CLANG_WARN_CONSTANT_CONVERSION = YES;
				CLANG_WARN_DIRECT_OBJC_ISA_USAGE = YES_ERROR;
				CLANG_WARN_DOCUMENTATION_COMMENTS = YES;
				CLANG_WARN_EMPTY_BODY = YES;
				CLANG_WARN_ENUM_CONVERSION = YES;
				CLANG_WARN_INFINITE_RECURSION = YES;
				CLANG_WARN_INT_CONVERSION = YES;
				CLANG_WARN_NON_LITERAL_NULL_CONVERSION = YES;
				CLANG_WARN_OBJC_LITERAL_CONVERSION = YES;
				CLANG_WARN_OBJC_ROOT_CLASS = YES_ERROR;
				CLANG_WARN_RANGE_LOOP_ANALYSIS = YES;
				CLANG_WARN_STRICT_PROTOTYPES = YES;
				CLANG_WARN_SUSPICIOUS_MOVE = YES;
				CLANG_WARN_UNGUARDED_AVAILABILITY = YES_AGGRESSIVE;
				CLANG_WARN_UNREACHABLE_CODE = YES;
				CLANG_WARN__DUPLICATE_METHOD_MATCH = YES;
				CODE_SIGN_IDENTITY = "iPhone Developer";
				COPY_PHASE_STRIP = NO;
				DEBUG_INFORMATION_FORMAT = "dwarf-with-dsym";
				ENABLE_NS_ASSERTIONS = NO;
				ENABLE_STRICT_OBJC_MSGSEND = YES;
				GCC_C_LANGUAGE_STANDARD = gnu11;
				GCC_NO_COMMON_BLOCKS = YES;
				GCC_WARN_64_TO_32_BIT_CONVERSION = YES;
				GCC_WARN_ABOUT_RETURN_TYPE = YES_ERROR;
				GCC_WARN_UNDECLARED_SELECTOR = YES;
				GCC_WARN_UNINITIALIZED_AUTOS = YES_AGGRESSIVE;
				GCC_WARN_UNUSED_FUNCTION = YES;
				GCC_WARN_UNUSED_VARIABLE = YES;
				IPHONEOS_DEPLOYMENT_TARGET = 11.1;
				MTL_ENABLE_DEBUG_INFO = NO;
				SDKROOT = iphoneos;
				SWIFT_OPTIMIZATION_LEVEL = "-Owholemodule";
				VALIDATE_PRODUCT = YES;
			};
			name = Release;
		};
		DE6F33B21FB29EE300FA2866 /* Debug */ = {
			isa = XCBuildConfiguration;
			buildSettings = {
				ASSETCATALOG_COMPILER_APPICON_NAME = AppIcon;
				CODE_SIGN_STYLE = Automatic;
				DEVELOPMENT_TEAM = 5CRNNPBK27;
				INFOPLIST_FILE = GuessNumberNet/Info.plist;
				LD_RUNPATH_SEARCH_PATHS = "$(inherited) @executable_path/Frameworks";
				PRODUCT_BUNDLE_IDENTIFIER = com.heavener.GuessNumberNet;
				PRODUCT_NAME = "$(TARGET_NAME)";
				SWIFT_VERSION = 4.0;
				TARGETED_DEVICE_FAMILY = "1,2";
			};
			name = Debug;
		};
		DE6F33B31FB29EE300FA2866 /* Release */ = {
			isa = XCBuildConfiguration;
			buildSettings = {
				ASSETCATALOG_COMPILER_APPICON_NAME = AppIcon;
				CODE_SIGN_STYLE = Automatic;
				DEVELOPMENT_TEAM = 5CRNNPBK27;
				INFOPLIST_FILE = GuessNumberNet/Info.plist;
				LD_RUNPATH_SEARCH_PATHS = "$(inherited) @executable_path/Frameworks";
				PRODUCT_BUNDLE_IDENTIFIER = com.heavener.GuessNumberNet;
				PRODUCT_NAME = "$(TARGET_NAME)";
				SWIFT_VERSION = 4.0;
				TARGETED_DEVICE_FAMILY = "1,2";
			};
			name = Release;
		};
		DE6F33B51FB29EE300FA2866 /* Debug */ = {
			isa = XCBuildConfiguration;
			buildSettings = {
				ALWAYS_EMBED_SWIFT_STANDARD_LIBRARIES = YES;
				BUNDLE_LOADER = "$(TEST_HOST)";
				CODE_SIGN_STYLE = Automatic;
				DEVELOPMENT_TEAM = 5CRNNPBK27;
				INFOPLIST_FILE = GuessNumberNetTests/Info.plist;
				LD_RUNPATH_SEARCH_PATHS = "$(inherited) @executable_path/Frameworks @loader_path/Frameworks";
				PRODUCT_BUNDLE_IDENTIFIER = com.heavener.GuessNumberNetTests;
				PRODUCT_NAME = "$(TARGET_NAME)";
				SWIFT_VERSION = 4.0;
				TARGETED_DEVICE_FAMILY = "1,2";
				TEST_HOST = "$(BUILT_PRODUCTS_DIR)/GuessNumberNet.app/GuessNumberNet";
			};
			name = Debug;
		};
		DE6F33B61FB29EE300FA2866 /* Release */ = {
			isa = XCBuildConfiguration;
			buildSettings = {
				ALWAYS_EMBED_SWIFT_STANDARD_LIBRARIES = YES;
				BUNDLE_LOADER = "$(TEST_HOST)";
				CODE_SIGN_STYLE = Automatic;
				DEVELOPMENT_TEAM = 5CRNNPBK27;
				INFOPLIST_FILE = GuessNumberNetTests/Info.plist;
				LD_RUNPATH_SEARCH_PATHS = "$(inherited) @executable_path/Frameworks @loader_path/Frameworks";
				PRODUCT_BUNDLE_IDENTIFIER = com.heavener.GuessNumberNetTests;
				PRODUCT_NAME = "$(TARGET_NAME)";
				SWIFT_VERSION = 4.0;
				TARGETED_DEVICE_FAMILY = "1,2";
				TEST_HOST = "$(BUILT_PRODUCTS_DIR)/GuessNumberNet.app/GuessNumberNet";
			};
			name = Release;
		};
		DE6F33B81FB29EE300FA2866 /* Debug */ = {
			isa = XCBuildConfiguration;
			buildSettings = {
				ALWAYS_EMBED_SWIFT_STANDARD_LIBRARIES = YES;
				CODE_SIGN_STYLE = Automatic;
				DEVELOPMENT_TEAM = 5CRNNPBK27;
				INFOPLIST_FILE = GuessNumberNetUITests/Info.plist;
				LD_RUNPATH_SEARCH_PATHS = "$(inherited) @executable_path/Frameworks @loader_path/Frameworks";
				PRODUCT_BUNDLE_IDENTIFIER = com.heavener.GuessNumberNetUITests;
				PRODUCT_NAME = "$(TARGET_NAME)";
				SWIFT_VERSION = 4.0;
				TARGETED_DEVICE_FAMILY = "1,2";
				TEST_TARGET_NAME = GuessNumberNet;
			};
			name = Debug;
		};
		DE6F33B91FB29EE300FA2866 /* Release */ = {
			isa = XCBuildConfiguration;
			buildSettings = {
				ALWAYS_EMBED_SWIFT_STANDARD_LIBRARIES = YES;
				CODE_SIGN_STYLE = Automatic;
				DEVELOPMENT_TEAM = 5CRNNPBK27;
				INFOPLIST_FILE = GuessNumberNetUITests/Info.plist;
				LD_RUNPATH_SEARCH_PATHS = "$(inherited) @executable_path/Frameworks @loader_path/Frameworks";
				PRODUCT_BUNDLE_IDENTIFIER = com.heavener.GuessNumberNetUITests;
				PRODUCT_NAME = "$(TARGET_NAME)";
				SWIFT_VERSION = 4.0;
				TARGETED_DEVICE_FAMILY = "1,2";
				TEST_TARGET_NAME = GuessNumberNet;
			};
			name = Release;
		};
/* End XCBuildConfiguration section */

/* Begin XCConfigurationList section */
		DE6F33841FB29EE300FA2866 /* Build configuration list for PBXProject "GuessNumberNet" */ = {
			isa = XCConfigurationList;
			buildConfigurations = (
				DE6F33AF1FB29EE300FA2866 /* Debug */,
				DE6F33B01FB29EE300FA2866 /* Release */,
			);
			defaultConfigurationIsVisible = 0;
			defaultConfigurationName = Release;
		};
		DE6F33B11FB29EE300FA2866 /* Build configuration list for PBXNativeTarget "GuessNumberNet" */ = {
			isa = XCConfigurationList;
			buildConfigurations = (
				DE6F33B21FB29EE300FA2866 /* Debug */,
				DE6F33B31FB29EE300FA2866 /* Release */,
			);
			defaultConfigurationIsVisible = 0;
			defaultConfigurationName = Release;
		};
		DE6F33B41FB29EE300FA2866 /* Build configuration list for PBXNativeTarget "GuessNumberNetTests" */ = {
			isa = XCConfigurationList;
			buildConfigurations = (
				DE6F33B51FB29EE300FA2866 /* Debug */,
				DE6F33B61FB29EE300FA2866 /* Release */,
			);
			defaultConfigurationIsVisible = 0;
			defaultConfigurationName = Release;
		};
		DE6F33B71FB29EE300FA2866 /* Build configuration list for PBXNativeTarget "GuessNumberNetUITests" */ = {
			isa = XCConfigurationList;
			buildConfigurations = (
				DE6F33B81FB29EE300FA2866 /* Debug */,
				DE6F33B91FB29EE300FA2866 /* Release */,
			);
			defaultConfigurationIsVisible = 0;
			defaultConfigurationName = Release;
		};
/* End XCConfigurationList section */
	};
	rootObject = DE6F33811FB29EE300FA2866 /* Project object */;
}
